
Microsoft Visual Studio Solution File, Format Version 12.00
# Visual Studio Version 16
VisualStudioVersion = 16.0.32126.315
MinimumVisualStudioVersion = 10.0.40219.1
Project("{FAE04EC0-301F-11D3-BF4B-00C04F79EFBC}") = "PersonalityTest", "PersonalityTest\PersonalityTest.csproj", "{A94FCD5E-E345-4E4B-B5F4-A706C62E9E06}"
EndProject
Project("{FAE04EC0-301F-11D3-BF4B-00C04F79EFBC}") = "PersonalityTestSwitch", "PersonalityTestSwitch\PersonalityTestSwitch.csproj", "{283E8B28-0F5C-4758-B013-AF07CE558F91}"
EndProject
Project("{FAE04EC0-301F-11D3-BF4B-00C04F79EFBC}") = "GradingIF", "GradingIF\GradingIF.csproj", "{40B65E51-60B4-4F3A-82F2-601FD2DFB18F}"
EndProject
Project("{FAE04EC0-301F-11D3-BF4B-00C04F79EFBC}") = "GradingSwitch", "GradingSwitch\GradingSwitch.csproj", "{D5BF1338-9861-4C1B-BE63-F088D6DB39F7}"
EndProject
Project("{FAE04EC0-301F-11D3-BF4B-00C04F79EFBC}") = "CatsAndDogs", "CatsAndDogs\CatsAndDogs.csproj", "{F3B75AC2-600D-48F8-961B-E4468463931D}"
EndProject
Global
	GlobalSection(SolutionConfigurationPlatforms) = preSolution
		Debug|Any CPU = Debug|Any CPU
		Release|Any CPU = Release|Any CPU
	EndGlobalSection
	GlobalSection(ProjectConfigurationPlatforms) = postSolution
		{A94FCD5E-E345-4E4B-B5F4-A706C62E9E06}.Debug|Any CPU.ActiveCfg = Debug|Any CPU
		{A94FCD5E-E345-4E4B-B5F4-A706C62E9E06}.Debug|Any CPU.Build.0 = Debug|Any CPU
		{A94FCD5E-E345-4E4B-B5F4-A706C62E9E06}.Release|Any CPU.ActiveCfg = Release|Any CPU
		{A94FCD5E-E345-4E4B-B5F4-A706C62E9E06}.Release|Any CPU.Build.0 = Release|Any CPU
		{283E8B28-0F5C-4758-B013-AF07CE558F91}.Debug|Any CPU.ActiveCfg = Debug|Any CPU
		{283E8B28-0F5C-4758-B013-AF07CE558F91}.Debug|Any CPU.Build.0 = Debug|Any CPU
		{283E8B28-0F5C-4758-B013-AF07CE558F91}.Release|Any CPU.ActiveCfg = Release|Any CPU
		{283E8B28-0F5C-4758-B013-AF07CE558F91}.Release|Any CPU.Build.0 = Release|Any CPU
		{40B65E51-60B4-4F3A-82F2-601FD2DFB18F}.Debug|Any CPU.ActiveCfg = Debug|Any CPU
		{40B65E51-60B4-4F3A-82F2-601FD2DFB18F}.Debug|Any CPU.Build.0 = Debug|Any CPU
		{40B65E51-60B4-4F3A-82F2-601FD2DFB18F}.Release|Any CPU.ActiveCfg = Release|Any CPU
		{40B65E51-60B4-4F3A-82F2-601FD2DFB18F}.Release|Any CPU.Build.0 = Release|Any CPU
		{D5BF1338-9861-4C1B-BE63-F088D6DB39F7}.Debug|Any CPU.ActiveCfg = Debug|Any CPU
		{D5BF1338-9861-4C1B-BE63-F088D6DB39F7}.Debug|Any CPU.Build.0 = Debug|Any CPU
		{D5BF1338-9861-4C1B-BE63-F088D6DB39F7}.Release|Any CPU.ActiveCfg = Release|Any CPU
		{D5BF1338-9861-4C1B-BE63-F088D6DB39F7}.Release|Any CPU.Build.0 = Release|Any CPU
		{F3B75AC2-600D-48F8-961B-E4468463931D}.Debug|Any CPU.ActiveCfg = Debug|Any CPU
		{F3B75AC2-600D-48F8-961B-E4468463931D}.Debug|Any CPU.Build.0 = Debug|Any CPU
		{F3B75AC2-600D-48F8-961B-E4468463931D}.Release|Any CPU.ActiveCfg = Release|Any CPU
		{F3B75AC2-600D-48F8-961B-E4468463931D}.Release|Any CPU.Build.0 = Release|Any CPU
	EndGlobalSection
	GlobalSection(SolutionProperties) = preSolution
		HideSolutionNode = FALSE
	EndGlobalSection
	GlobalSection(ExtensibilityGlobals) = postSolution
		SolutionGuid = {EE67012F-966A-484E-B352-2CFFFE8562A1}
	EndGlobalSection
EndGlobal
